Microsoft Visual Studio Solution File, Format Version 12.00
# Visual Studio Version 17
VisualStudioVersion = 17.5.2.0
MinimumVisualStudioVersion = 10.0.40219.1
Project("{FAE04EC0-301F-11D3-BF4B-00C04F79EFBC}") = "ENSemenCe", "ENSemenCe.csproj", "{0A0794BD-5ACF-C981-0C6D-2BDFC5B0C685}"
EndProject
Global
	GlobalSection(SolutionConfigurationPlatforms) = preSolution
		Debug|Any CPU = Debug|Any CPU
		Release|Any CPU = Release|Any CPU
	EndGlobalSection
	GlobalSection(ProjectConfigurationPlatforms) = postSolution
		{0A0794BD-5ACF-C981-0C6D-2BDFC5B0C685}.Debug|Any CPU.ActiveCfg = Debug|Any CPU
		{0A0794BD-5ACF-C981-0C6D-2BDFC5B0C685}.Debug|Any CPU.Build.0 = Debug|Any CPU
		{0A0794BD-5ACF-C981-0C6D-2BDFC5B0C685}.Release|Any CPU.ActiveCfg = Release|Any CPU
		{0A0794BD-5ACF-C981-0C6D-2BDFC5B0C685}.Release|Any CPU.Build.0 = Release|Any CPU
	EndGlobalSection
	GlobalSection(SolutionProperties) = preSolution
		HideSolutionNode = FALSE
	EndGlobalSection
	GlobalSection(ExtensibilityGlobals) = postSolution
		SolutionGuid = {3851F2A1-A0F6-42F8-8672-1060DEB90D22}
	EndGlobalSection
EndGlobal
